
Microsoft Visual Studio Solution File, Format Version 12.00
# Visual Studio Version 16
VisualStudioVersion = 16.0.29920.165
MinimumVisualStudioVersion = 15.0.26124.0
Project("{9A19103F-16F7-4668-BE54-9A1E7A4F7556}") = "DesktopGL", "DesktopGL\DesktopGL.csproj", "{E296A5E6-7519-4943-B6BD-E919B054C98B}"
EndProject
Project("{9A19103F-16F7-4668-BE54-9A1E7A4F7556}") = "Common", "Common\Common.csproj", "{3E3CCE97-8743-4031-B039-1DCA7731902E}"
EndProject
Project("{2150E333-8FDC-42A3-9474-1A3956D46DE8}") = "Solution Items", "Solution Items", "{4ED3F237-C959-4734-B3F2-03E7F58824B4}"
	ProjectSection(SolutionItems) = preProject
		.editorconfig = .editorconfig
	EndProjectSection
EndProject
Global
	GlobalSection(SolutionConfigurationPlatforms) = preSolution
		Debug|Any CPU = Debug|Any CPU
		Debug|x64 = Debug|x64
		Debug|x86 = Debug|x86
		Release|Any CPU = Release|Any CPU
		Release|x64 = Release|x64
		Release|x86 = Release|x86
	EndGlobalSection
	GlobalSection(ProjectConfigurationPlatforms) = postSolution
		{E296A5E6-7519-4943-B6BD-E919B054C98B}.Debug|Any CPU.ActiveCfg = Debug|Any CPU
		{E296A5E6-7519-4943-B6BD-E919B054C98B}.Debug|Any CPU.Build.0 = Debug|Any CPU
		{E296A5E6-7519-4943-B6BD-E919B054C98B}.Debug|x64.ActiveCfg = Debug|Any CPU
		{E296A5E6-7519-4943-B6BD-E919B054C98B}.Debug|x64.Build.0 = Debug|Any CPU
		{E296A5E6-7519-4943-B6BD-E919B054C98B}.Debug|x86.ActiveCfg = Debug|Any CPU
		{E296A5E6-7519-4943-B6BD-E919B054C98B}.Debug|x86.Build.0 = Debug|Any CPU
		{E296A5E6-7519-4943-B6BD-E919B054C98B}.Release|Any CPU.ActiveCfg = Release|Any CPU
		{E296A5E6-7519-4943-B6BD-E919B054C98B}.Release|Any CPU.Build.0 = Release|Any CPU
		{E296A5E6-7519-4943-B6BD-E919B054C98B}.Release|x64.ActiveCfg = Release|Any CPU
		{E296A5E6-7519-4943-B6BD-E919B054C98B}.Release|x64.Build.0 = Release|Any CPU
		{E296A5E6-7519-4943-B6BD-E919B054C98B}.Release|x86.ActiveCfg = Release|Any CPU
		{E296A5E6-7519-4943-B6BD-E919B054C98B}.Release|x86.Build.0 = Release|Any CPU
		{3E3CCE97-8743-4031-B039-1DCA7731902E}.Debug|Any CPU.ActiveCfg = Debug|Any CPU
		{3E3CCE97-8743-4031-B039-1DCA7731902E}.Debug|Any CPU.Build.0 = Debug|Any CPU
		{3E3CCE97-8743-4031-B039-1DCA7731902E}.Debug|x64.ActiveCfg = Debug|Any CPU
		{3E3CCE97-8743-4031-B039-1DCA7731902E}.Debug|x64.Build.0 = Debug|Any CPU
		{3E3CCE97-8743-4031-B039-1DCA7731902E}.Debug|x86.ActiveCfg = Debug|Any CPU
		{3E3CCE97-8743-4031-B039-1DCA7731902E}.Debug|x86.Build.0 = Debug|Any CPU
		{3E3CCE97-8743-4031-B039-1DCA7731902E}.Release|Any CPU.ActiveCfg = Release|Any CPU
		{3E3CCE97-8743-4031-B039-1DCA7731902E}.Release|Any CPU.Build.0 = Release|Any CPU
		{3E3CCE97-8743-4031-B039-1DCA7731902E}.Release|x64.ActiveCfg = Release|Any CPU
		{3E3CCE97-8743-4031-B039-1DCA7731902E}.Release|x64.Build.0 = Release|Any CPU
		{3E3CCE97-8743-4031-B039-1DCA7731902E}.Release|x86.ActiveCfg = Release|Any CPU
		{3E3CCE97-8743-4031-B039-1DCA7731902E}.Release|x86.Build.0 = Release|Any CPU
	EndGlobalSection
	GlobalSection(SolutionProperties) = preSolution
		HideSolutionNode = FALSE
	EndGlobalSection
	GlobalSection(ExtensibilityGlobals) = postSolution
		SolutionGuid = {551F4E45-ADA0-418D-8DE5-DAF73C66210A}
	EndGlobalSection
EndGlobal
